{
  "name": "formula-compile",
  "version": "0.0.0",
  "lockfileVersion": 1,
  "requires": true,
  "dependencies": {
    "@types/antlr4": {
      "version": "4.7.1",
      "resolved": "https://registry.npmjs.org/@types/antlr4/-/antlr4-4.7.1.tgz",
      "integrity": "sha512-mjQv+WtdJnwI5qhNh5yJkZ9rVFdRClUyaO5KebaLSJFHT6uSyDLAK9jUke4zLKZXk6vQQ/QJN2j7QV2q7l5Slw=="
    },
    "antlr4": {
      "version": "4.8.0",
      "resolved": "https://registry.npmjs.org/antlr4/-/antlr4-4.8.0.tgz",
      "integrity": "sha512-en/MxQ4OkPgGJQ3wD/muzj1uDnFSzdFIhc2+c6bHZokWkuBb6RRvFjpWhPxWLbgQvaEzldJZ0GSQpfSAaE3hqg=="
    }
  }
}
